
Microsoft Visual Studio Solution File, Format Version 12.00
# Visual Studio Version 16
VisualStudioVersion = 16.0.29728.190
MinimumVisualStudioVersion = 10.0.40219.1
Project("{9A19103F-16F7-4668-BE54-9A1E7A4F7556}") = "RestaurantMenu.WebSite", "Restaurant menu\RestaurantMenu.WebSite.csproj", "{377E6AFE-9991-460C-AB48-787D2DEF9863}"
EndProject
Project("{FAE04EC0-301F-11D3-BF4B-00C04F79EFBC}") = "RestaurantMenu.DAL", "RestaurantMenu.DAL\RestaurantMenu.DAL.csproj", "{AE4F3438-AB61-4E2D-A847-945592FB5086}"
EndProject
Project("{FAE04EC0-301F-11D3-BF4B-00C04F79EFBC}") = "RestaurantMenu.BLL", "RestaurantMenu.BLL\RestaurantMenu.BLL.csproj", "{D8C8EBF6-4D7B-4E2C-A466-8D871C0F5C03}"
EndProject
Global
	GlobalSection(SolutionConfigurationPlatforms) = preSolution
		Debug|Any CPU = Debug|Any CPU
		Release|Any CPU = Release|Any CPU
	EndGlobalSection
	GlobalSection(ProjectConfigurationPlatforms) = postSolution
		{377E6AFE-9991-460C-AB48-787D2DEF9863}.Debug|Any CPU.ActiveCfg = Debug|Any CPU
		{377E6AFE-9991-460C-AB48-787D2DEF9863}.Debug|Any CPU.Build.0 = Debug|Any CPU
		{377E6AFE-9991-460C-AB48-787D2DEF9863}.Release|Any CPU.ActiveCfg = Release|Any CPU
		{377E6AFE-9991-460C-AB48-787D2DEF9863}.Release|Any CPU.Build.0 = Release|Any CPU
		{AE4F3438-AB61-4E2D-A847-945592FB5086}.Debug|Any CPU.ActiveCfg = Debug|Any CPU
		{AE4F3438-AB61-4E2D-A847-945592FB5086}.Debug|Any CPU.Build.0 = Debug|Any CPU
		{AE4F3438-AB61-4E2D-A847-945592FB5086}.Release|Any CPU.ActiveCfg = Release|Any CPU
		{AE4F3438-AB61-4E2D-A847-945592FB5086}.Release|Any CPU.Build.0 = Release|Any CPU
		{D8C8EBF6-4D7B-4E2C-A466-8D871C0F5C03}.Debug|Any CPU.ActiveCfg = Debug|Any CPU
		{D8C8EBF6-4D7B-4E2C-A466-8D871C0F5C03}.Debug|Any CPU.Build.0 = Debug|Any CPU
		{D8C8EBF6-4D7B-4E2C-A466-8D871C0F5C03}.Release|Any CPU.ActiveCfg = Release|Any CPU
		{D8C8EBF6-4D7B-4E2C-A466-8D871C0F5C03}.Release|Any CPU.Build.0 = Release|Any CPU
	EndGlobalSection
	GlobalSection(SolutionProperties) = preSolution
		HideSolutionNode = FALSE
	EndGlobalSection
	GlobalSection(ExtensibilityGlobals) = postSolution
		SolutionGuid = {5AD04CEF-224D-40B5-A6B7-A2EAA9A076F0}
	EndGlobalSection
EndGlobal
